
Microsoft Visual Studio Solution File, Format Version 12.00
# Visual Studio Version 16
VisualStudioVersion = 16.0.29201.188
MinimumVisualStudioVersion = 10.0.40219.1
Project("{9A19103F-16F7-4668-BE54-9A1E7A4F7556}") = "Common", "Common\Common.csproj", "{56F76BD5-2E2D-4149-AC9F-6D02BEDA19FC}"
EndProject
Project("{9A19103F-16F7-4668-BE54-9A1E7A4F7556}") = "PerfilacionDeCalidad.Backend", "PerfilacionDeCalidad.Backend\PerfilacionDeCalidad.Backend.csproj", "{CF417ADE-1DF6-4F99-AA36-59D1E550BC5F}"
EndProject
Global
	GlobalSection(SolutionConfigurationPlatforms) = preSolution
		Debug|Any CPU = Debug|Any CPU
		Release|Any CPU = Release|Any CPU
	EndGlobalSection
	GlobalSection(ProjectConfigurationPlatforms) = postSolution
		{56F76BD5-2E2D-4149-AC9F-6D02BEDA19FC}.Debug|Any CPU.ActiveCfg = Debug|Any CPU
		{56F76BD5-2E2D-4149-AC9F-6D02BEDA19FC}.Debug|Any CPU.Build.0 = Debug|Any CPU
		{56F76BD5-2E2D-4149-AC9F-6D02BEDA19FC}.Release|Any CPU.ActiveCfg = Release|Any CPU
		{56F76BD5-2E2D-4149-AC9F-6D02BEDA19FC}.Release|Any CPU.Build.0 = Release|Any CPU
		{CF417ADE-1DF6-4F99-AA36-59D1E550BC5F}.Debug|Any CPU.ActiveCfg = Debug|Any CPU
		{CF417ADE-1DF6-4F99-AA36-59D1E550BC5F}.Debug|Any CPU.Build.0 = Debug|Any CPU
		{CF417ADE-1DF6-4F99-AA36-59D1E550BC5F}.Release|Any CPU.ActiveCfg = Release|Any CPU
		{CF417ADE-1DF6-4F99-AA36-59D1E550BC5F}.Release|Any CPU.Build.0 = Release|Any CPU
	EndGlobalSection
	GlobalSection(SolutionProperties) = preSolution
		HideSolutionNode = FALSE
	EndGlobalSection
	GlobalSection(ExtensibilityGlobals) = postSolution
		SolutionGuid = {7BA10E47-B4FA-489B-A5C8-7EEE0C2B492A}
	EndGlobalSection
EndGlobal
